
Microsoft Visual Studio Solution File, Format Version 12.00
# Visual Studio Version 16
VisualStudioVersion = 16.0.30804.86
MinimumVisualStudioVersion = 10.0.40219.1
Project("{9A19103F-16F7-4668-BE54-9A1E7A4F7556}") = "sloBo", "Alexa_proj\sloBo.csproj", "{26A27261-9903-4A82-815C-E7B911A7AA57}"
EndProject
Project("{9A19103F-16F7-4668-BE54-9A1E7A4F7556}") = "DrawRectangle", "DrawRectangle\DrawRectangle.csproj", "{353B14DA-6C82-47B1-8E4E-1D23CA88E268}"
EndProject
Project("{9A19103F-16F7-4668-BE54-9A1E7A4F7556}") = "sloBo.Tests", "Alexa_proj.Tests\sloBo.Tests.csproj", "{BB767B60-7B45-4984-BE43-3D59A5CCE25D}"
EndProject
Project("{9A19103F-16F7-4668-BE54-9A1E7A4F7556}") = "sloBo.DataAccess", "Alexa_proj.DataAccess\sloBo.DataAccess.csproj", "{2CBA5FF2-45C3-4C5C-AC42-0E6154F1D82A}"
EndProject
Global
	GlobalSection(SolutionConfigurationPlatforms) = preSolution
		Debug|Any CPU = Debug|Any CPU
		Debug|x86 = Debug|x86
		Release|Any CPU = Release|Any CPU
		Release|x86 = Release|x86
	EndGlobalSection
	GlobalSection(ProjectConfigurationPlatforms) = postSolution
		{26A27261-9903-4A82-815C-E7B911A7AA57}.Debug|Any CPU.ActiveCfg = Debug|Any CPU
		{26A27261-9903-4A82-815C-E7B911A7AA57}.Debug|Any CPU.Build.0 = Debug|Any CPU
		{26A27261-9903-4A82-815C-E7B911A7AA57}.Debug|x86.ActiveCfg = Debug|Any CPU
		{26A27261-9903-4A82-815C-E7B911A7AA57}.Debug|x86.Build.0 = Debug|Any CPU
		{26A27261-9903-4A82-815C-E7B911A7AA57}.Release|Any CPU.ActiveCfg = Release|Any CPU
		{26A27261-9903-4A82-815C-E7B911A7AA57}.Release|Any CPU.Build.0 = Release|Any CPU
		{26A27261-9903-4A82-815C-E7B911A7AA57}.Release|x86.ActiveCfg = Release|x86
		{26A27261-9903-4A82-815C-E7B911A7AA57}.Release|x86.Build.0 = Release|x86
		{353B14DA-6C82-47B1-8E4E-1D23CA88E268}.Debug|Any CPU.ActiveCfg = Debug|Any CPU
		{353B14DA-6C82-47B1-8E4E-1D23CA88E268}.Debug|Any CPU.Build.0 = Debug|Any CPU
		{353B14DA-6C82-47B1-8E4E-1D23CA88E268}.Debug|x86.ActiveCfg = Debug|Any CPU
		{353B14DA-6C82-47B1-8E4E-1D23CA88E268}.Debug|x86.Build.0 = Debug|Any CPU
		{353B14DA-6C82-47B1-8E4E-1D23CA88E268}.Release|Any CPU.ActiveCfg = Release|Any CPU
		{353B14DA-6C82-47B1-8E4E-1D23CA88E268}.Release|Any CPU.Build.0 = Release|Any CPU
		{353B14DA-6C82-47B1-8E4E-1D23CA88E268}.Release|x86.ActiveCfg = Release|Any CPU
		{353B14DA-6C82-47B1-8E4E-1D23CA88E268}.Release|x86.Build.0 = Release|Any CPU
		{BB767B60-7B45-4984-BE43-3D59A5CCE25D}.Debug|Any CPU.ActiveCfg = Debug|Any CPU
		{BB767B60-7B45-4984-BE43-3D59A5CCE25D}.Debug|Any CPU.Build.0 = Debug|Any CPU
		{BB767B60-7B45-4984-BE43-3D59A5CCE25D}.Debug|x86.ActiveCfg = Debug|Any CPU
		{BB767B60-7B45-4984-BE43-3D59A5CCE25D}.Debug|x86.Build.0 = Debug|Any CPU
		{BB767B60-7B45-4984-BE43-3D59A5CCE25D}.Release|Any CPU.ActiveCfg = Release|Any CPU
		{BB767B60-7B45-4984-BE43-3D59A5CCE25D}.Release|Any CPU.Build.0 = Release|Any CPU
		{BB767B60-7B45-4984-BE43-3D59A5CCE25D}.Release|x86.ActiveCfg = Release|Any CPU
		{BB767B60-7B45-4984-BE43-3D59A5CCE25D}.Release|x86.Build.0 = Release|Any CPU
		{2CBA5FF2-45C3-4C5C-AC42-0E6154F1D82A}.Debug|Any CPU.ActiveCfg = Debug|Any CPU
		{2CBA5FF2-45C3-4C5C-AC42-0E6154F1D82A}.Debug|Any CPU.Build.0 = Debug|Any CPU
		{2CBA5FF2-45C3-4C5C-AC42-0E6154F1D82A}.Debug|x86.ActiveCfg = Debug|Any CPU
		{2CBA5FF2-45C3-4C5C-AC42-0E6154F1D82A}.Debug|x86.Build.0 = Debug|Any CPU
		{2CBA5FF2-45C3-4C5C-AC42-0E6154F1D82A}.Release|Any CPU.ActiveCfg = Release|Any CPU
		{2CBA5FF2-45C3-4C5C-AC42-0E6154F1D82A}.Release|Any CPU.Build.0 = Release|Any CPU
		{2CBA5FF2-45C3-4C5C-AC42-0E6154F1D82A}.Release|x86.ActiveCfg = Release|Any CPU
		{2CBA5FF2-45C3-4C5C-AC42-0E6154F1D82A}.Release|x86.Build.0 = Release|Any CPU
	EndGlobalSection
	GlobalSection(SolutionProperties) = preSolution
		HideSolutionNode = FALSE
	EndGlobalSection
	GlobalSection(ExtensibilityGlobals) = postSolution
		SolutionGuid = {96135EE3-0331-4892-A8B2-628A3A155D17}
	EndGlobalSection
EndGlobal
